// !$*UTF8*$!
{
	archiveVersion = 1;
	classes = {
	};
	objectVersion = 48;
	objects = {

/* Begin PBXBuildFile section */
		96AAFA5E2037133C00E71624 /* AppDelegate.swift in Sources */ = {isa = PBXBuildFile; fileRef = 96AAFA5D2037133C00E71624 /* AppDelegate.swift */; };
		96AAFA602037133C00E71624 /* ViewController.swift in Sources */ = {isa = PBXBuildFile; fileRef = 96AAFA5F2037133C00E71624 /* ViewController.swift */; };
		96AAFA632037133C00E71624 /* Main.storyboard in Resources */ = {isa = PBXBuildFile; fileRef = 96AAFA612037133C00E71624 /* Main.storyboard */; };
		96AAFA662037133C00E71624 /* Maps_2_0.xcdatamodeld in Sources */ = {isa = PBXBuildFile; fileRef = 96AAFA642037133C00E71624 /* Maps_2_0.xcdatamodeld */; };
		96AAFA682037133C00E71624 /* Assets.xcassets in Resources */ = {isa = PBXBuildFile; fileRef = 96AAFA672037133C00E71624 /* Assets.xcassets */; };
		96AAFA6B2037133C00E71624 /* LaunchScreen.storyboard in Resources */ = {isa = PBXBuildFile; fileRef = 96AAFA692037133C00E71624 /* LaunchScreen.storyboard */; };
		96AAFA762037133C00E71624 /* Maps_2_0Tests.swift in Sources */ = {isa = PBXBuildFile; fileRef = 96AAFA752037133C00E71624 /* Maps_2_0Tests.swift */; };
		96AAFA812037133C00E71624 /* Maps_2_0UITests.swift in Sources */ = {isa = PBXBuildFile; fileRef = 96AAFA802037133C00E71624 /* Maps_2_0UITests.swift */; };
		96AAFA902037136C00E71624 /* CoreLocation.framework in Frameworks */ = {isa = PBXBuildFile; fileRef = 96AAFA8F2037136C00E71624 /* CoreLocation.framework */; };
/* End PBXBuildFile section */

/* Begin PBXContainerItemProxy section */
		96AAFA722037133C00E71624 /* PBXContainerItemProxy */ = {
			isa = PBXContainerItemProxy;
			containerPortal = 96AAFA522037133C00E71624 /* Project object */;
			proxyType = 1;
			remoteGlobalIDString = 96AAFA592037133C00E71624;
			remoteInfo = "Maps 2.0";
		};
		96AAFA7D2037133C00E71624 /* PBXContainerItemProxy */ = {
			isa = PBXContainerItemProxy;
			containerPortal = 96AAFA522037133C00E71624 /* Project object */;
			proxyType = 1;
			remoteGlobalIDString = 96AAFA592037133C00E71624;
			remoteInfo = "Maps 2.0";
		};
/* End PBXContainerItemProxy section */

/* Begin PBXFileReference section */
		96AAFA5A2037133C00E71624 /* Maps 2.0.app */ = {isa = PBXFileReference; explicitFileType = wrapper.application; includeInIndex = 0; path = "Maps 2.0.app"; sourceTree = BUILT_PRODUCTS_DIR; };
		96AAFA5D2037133C00E71624 /* AppDelegate.swift */ = {isa = PBXFileReference; lastKnownFileType = sourcecode.swift; path = AppDelegate.swift; sourceTree = "<group>"; };
		96AAFA5F2037133C00E71624 /* ViewController.swift */ = {isa = PBXFileReference; lastKnownFileType = sourcecode.swift; path = ViewController.swift; sourceTree = "<group>"; };
		96AAFA622037133C00E71624 /* Base */ = {isa = PBXFileReference; lastKnownFileType = file.storyboard; name = Base; path = Base.lproj/Main.storyboard; sourceTree = "<group>"; };
		96AAFA652037133C00E71624 /* Maps_2_0.xcdatamodel */ = {isa = PBXFileReference; lastKnownFileType = wrapper.xcdatamodel; path = Maps_2_0.xcdatamodel; sourceTree = "<group>"; };
		96AAFA672037133C00E71624 /* Assets.xcassets */ = {isa = PBXFileReference; lastKnownFileType = folder.assetcatalog; path = Assets.xcassets; sourceTree = "<group>"; };
		96AAFA6A2037133C00E71624 /* Base */ = {isa = PBXFileReference; lastKnownFileType = file.storyboard; name = Base; path = Base.lproj/LaunchScreen.storyboard; sourceTree = "<group>"; };
		96AAFA6C2037133C00E71624 /* Info.plist */ = {isa = PBXFileReference; lastKnownFileType = text.plist.xml; path = Info.plist; sourceTree = "<group>"; };
		96AAFA712037133C00E71624 /* Maps 2.0Tests.xctest */ = {isa = PBXFileReference; explicitFileType = wrapper.cfbundle; includeInIndex = 0; path = "Maps 2.0Tests.xctest"; sourceTree = BUILT_PRODUCTS_DIR; };
		96AAFA752037133C00E71624 /* Maps_2_0Tests.swift */ = {isa = PBXFileReference; lastKnownFileType = sourcecode.swift; path = Maps_2_0Tests.swift; sourceTree = "<group>"; };
		96AAFA772037133C00E71624 /* Info.plist */ = {isa = PBXFileReference; lastKnownFileType = text.plist.xml; path = Info.plist; sourceTree = "<group>"; };
		96AAFA7C2037133C00E71624 /* Maps 2.0UITests.xctest */ = {isa = PBXFileReference; explicitFileType = wrapper.cfbundle; includeInIndex = 0; path = "Maps 2.0UITests.xctest"; sourceTree = BUILT_PRODUCTS_DIR; };
		96AAFA802037133C00E71624 /* Maps_2_0UITests.swift */ = {isa = PBXFileReference; lastKnownFileType = sourcecode.swift; path = Maps_2_0UITests.swift; sourceTree = "<group>"; };
		96AAFA822037133C00E71624 /* Info.plist */ = {isa = PBXFileReference; lastKnownFileType = text.plist.xml; path = Info.plist; sourceTree = "<group>"; };
		96AAFA8F2037136C00E71624 /* CoreLocation.framework */ = {isa = PBXFileReference; lastKnownFileType = wrapper.framework; name = CoreLocation.framework; path = System/Library/Frameworks/CoreLocation.framework; sourceTree = SDKROOT; };
/* End PBXFileReference section */

/* Begin PBXFrameworksBuildPhase section */
		96AAFA572037133C00E71624 /* Frameworks */ = {
			isa = PBXFrameworksBuildPhase;
			buildActionMask = 2147483647;
			files = (
				96AAFA902037136C00E71624 /* CoreLocation.framework in Frameworks */,
			);
			runOnlyForDeploymentPostprocessing = 0;
		};
		96AAFA6E2037133C00E71624 /* Frameworks */ = {
			isa = PBXFrameworksBuildPhase;
			buildActionMask = 2147483647;
			files = (
			);
			runOnlyForDeploymentPostprocessing = 0;
		};
		96AAFA792037133C00E71624 /* Frameworks */ = {
			isa = PBXFrameworksBuildPhase;
			buildActionMask = 2147483647;
			files = (
			);
			runOnlyForDeploymentPostprocessing = 0;
		};
/* End PBXFrameworksBuildPhase section */

/* Begin PBXGroup section */
		96AAFA512037133C00E71624 = {
			isa = PBXGroup;
			children = (
				96AAFA5C2037133C00E71624 /* Maps 2.0 */,
				96AAFA742037133C00E71624 /* Maps 2.0Tests */,
				96AAFA7F2037133C00E71624 /* Maps 2.0UITests */,
				96AAFA5B2037133C00E71624 /* Products */,
				96AAFA8E2037136C00E71624 /* Frameworks */,
			);
			sourceTree = "<group>";
		};
		96AAFA5B2037133C00E71624 /* Products */ = {
			isa = PBXGroup;
			children = (
				96AAFA5A2037133C00E71624 /* Maps 2.0.app */,
				96AAFA712037133C00E71624 /* Maps 2.0Tests.xctest */,
				96AAFA7C2037133C00E71624 /* Maps 2.0UITests.xctest */,
			);
			name = Products;
			sourceTree = "<group>";
		};
		96AAFA5C2037133C00E71624 /* Maps 2.0 */ = {
			isa = PBXGroup;
			children = (
				96AAFA5D2037133C00E71624 /* AppDelegate.swift */,
				96AAFA5F2037133C00E71624 /* ViewController.swift */,
				96AAFA612037133C00E71624 /* Main.storyboard */,
				96AAFA672037133C00E71624 /* Assets.xcassets */,
				96AAFA692037133C00E71624 /* LaunchScreen.storyboard */,
				96AAFA6C2037133C00E71624 /* Info.plist */,
				96AAFA642037133C00E71624 /* Maps_2_0.xcdatamodeld */,
			);
			path = "Maps 2.0";
			sourceTree = "<group>";
		};
		96AAFA742037133C00E71624 /* Maps 2.0Tests */ = {
			isa = PBXGroup;
			children = (
				96AAFA752037133C00E71624 /* Maps_2_0Tests.swift */,
				96AAFA772037133C00E71624 /* Info.plist */,
			);
			path = "Maps 2.0Tests";
			sourceTree = "<group>";
		};
		96AAFA7F2037133C00E71624 /* Maps 2.0UITests */ = {
			isa = PBXGroup;
			children = (
				96AAFA802037133C00E71624 /* Maps_2_0UITests.swift */,
				96AAFA822037133C00E71624 /* Info.plist */,
			);
			path = "Maps 2.0UITests";
			sourceTree = "<group>";
		};
		96AAFA8E2037136C00E71624 /* Frameworks */ = {
			isa = PBXGroup;
			children = (
				96AAFA8F2037136C00E71624 /* CoreLocation.framework */,
			);
			name = Frameworks;
			sourceTree = "<group>";
		};
/* End PBXGroup section */

/* Begin PBXNativeTarget section */
		96AAFA592037133C00E71624 /* Maps 2.0 */ = {
			isa = PBXNativeTarget;
			buildConfigurationList = 96AAFA852037133C00E71624 /* Build configuration list for PBXNativeTarget "Maps 2.0" */;
			buildPhases = (
				96AAFA562037133C00E71624 /* Sources */,
				96AAFA572037133C00E71624 /* Frameworks */,
				96AAFA582037133C00E71624 /* Resources */,
			);
			buildRules = (
			);
			dependencies = (
			);
			name = "Maps 2.0";
			productName = "Maps 2.0";
			productReference = 96AAFA5A2037133C00E71624 /* Maps 2.0.app */;
			productType = "com.apple.product-type.application";
		};
		96AAFA702037133C00E71624 /* Maps 2.0Tests */ = {
			isa = PBXNativeTarget;
			buildConfigurationList = 96AAFA882037133C00E71624 /* Build configuration list for PBXNativeTarget "Maps 2.0Tests" */;
			buildPhases = (
				96AAFA6D2037133C00E71624 /* Sources */,
				96AAFA6E2037133C00E71624 /* Frameworks */,
				96AAFA6F2037133C00E71624 /* Resources */,
			);
			buildRules = (
			);
			dependencies = (
				96AAFA732037133C00E71624 /* PBXTargetDependency */,
			);
			name = "Maps 2.0Tests";
			productName = "Maps 2.0Tests";
			productReference = 96AAFA712037133C00E71624 /* Maps 2.0Tests.xctest */;
			productType = "com.apple.product-type.bundle.unit-test";
		};
		96AAFA7B2037133C00E71624 /* Maps 2.0UITests */ = {
			isa = PBXNativeTarget;
			buildConfigurationList = 96AAFA8B2037133C00E71624 /* Build configuration list for PBXNativeTarget "Maps 2.0UITests" */;
			buildPhases = (
				96AAFA782037133C00E71624 /* Sources */,
				96AAFA792037133C00E71624 /* Frameworks */,
				96AAFA7A2037133C00E71624 /* Resources */,
			);
			buildRules = (
			);
			dependencies = (
				96AAFA7E2037133C00E71624 /* PBXTargetDependency */,
			);
			name = "Maps 2.0UITests";
			productName = "Maps 2.0UITests";
			productReference = 96AAFA7C2037133C00E71624 /* Maps 2.0UITests.xctest */;
			productType = "com.apple.product-type.bundle.ui-testing";
		};
/* End PBXNativeTarget section */

/* Begin PBXProject section */
		96AAFA522037133C00E71624 /* Project object */ = {
			isa = PBXProject;
			attributes = {
				LastSwiftUpdateCheck = 0920;
				LastUpgradeCheck = 0920;
				ORGANIZATIONNAME = CL;
				TargetAttributes = {
					96AAFA592037133C00E71624 = {
						CreatedOnToolsVersion = 9.2;
						ProvisioningStyle = Automatic;
					};
					96AAFA702037133C00E71624 = {
						CreatedOnToolsVersion = 9.2;
						ProvisioningStyle = Automatic;
						TestTargetID = 96AAFA592037133C00E71624;
					};
					96AAFA7B2037133C00E71624 = {
						CreatedOnToolsVersion = 9.2;
						ProvisioningStyle = Automatic;
						TestTargetID = 96AAFA592037133C00E71624;
					};
				};
			};
			buildConfigurationList = 96AAFA552037133C00E71624 /* Build configuration list for PBXProject "Maps 2.0" */;
			compatibilityVersion = "Xcode 8.0";
			developmentRegion = en;
			hasScannedForEncodings = 0;
			knownRegions = (
				en,
				Base,
			);
			mainGroup = 96AAFA512037133C00E71624;
			productRefGroup = 96AAFA5B2037133C00E71624 /* Products */;
			projectDirPath = "";
			projectRoot = "";
			targets = (
				96AAFA592037133C00E71624 /* Maps 2.0 */,
				96AAFA702037133C00E71624 /* Maps 2.0Tests */,
				96AAFA7B2037133C00E71624 /* Maps 2.0UITests */,
			);
		};
/* End PBXProject section */

/* Begin PBXResourcesBuildPhase section */
		96AAFA582037133C00E71624 /* Resources */ = {
			isa = PBXResourcesBuildPhase;
			buildActionMask = 2147483647;
			files = (
				96AAFA6B2037133C00E71624 /* LaunchScreen.storyboard in Resources */,
				96AAFA682037133C00E71624 /* Assets.xcassets in Resources */,
				96AAFA632037133C00E71624 /* Main.storyboard in Resources */,
			);
			runOnlyForDeploymentPostprocessing = 0;
		};
		96AAFA6F2037133C00E71624 /* Resources */ = {
			isa = PBXResourcesBuildPhase;
			buildActionMask = 2147483647;
			files = (
			);
			runOnlyForDeploymentPostprocessing = 0;
		};
		96AAFA7A2037133C00E71624 /* Resources */ = {
			isa = PBXResourcesBuildPhase;
			buildActionMask = 2147483647;
			files = (
			);
			runOnlyForDeploymentPostprocessing = 0;
		};
/* End PBXResourcesBuildPhase section */

/* Begin PBXSourcesBuildPhase section */
		96AAFA562037133C00E71624 /* Sources */ = {
			isa = PBXSourcesBuildPhase;
			buildActionMask = 2147483647;
			files = (
				96AAFA602037133C00E71624 /* ViewController.swift in Sources */,
				96AAFA662037133C00E71624 /* Maps_2_0.xcdatamodeld in Sources */,
				96AAFA5E2037133C00E71624 /* AppDelegate.swift in Sources */,
			);
			runOnlyForDeploymentPostprocessing = 0;
		};
		96AAFA6D2037133C00E71624 /* Sources */ = {
			isa = PBXSourcesBuildPhase;
			buildActionMask = 2147483647;
			files = (
				96AAFA762037133C00E71624 /* Maps_2_0Tests.swift in Sources */,
			);
			runOnlyForDeploymentPostprocessing = 0;
		};
		96AAFA782037133C00E71624 /* Sources */ = {
			isa = PBXSourcesBuildPhase;
			buildActionMask = 2147483647;
			files = (
				96AAFA812037133C00E71624 /* Maps_2_0UITests.swift in Sources */,
			);
			runOnlyForDeploymentPostprocessing = 0;
		};
/* End PBXSourcesBuildPhase section */

/* Begin PBXTargetDependency section */
		96AAFA732037133C00E71624 /* PBXTargetDependency */ = {
			isa = PBXTargetDependency;
			target = 96AAFA592037133C00E71624 /* Maps 2.0 */;
			targetProxy = 96AAFA722037133C00E71624 /* PBXContainerItemProxy */;
		};
		96AAFA7E2037133C00E71624 /* PBXTargetDependency */ = {
			isa = PBXTargetDependency;
			target = 96AAFA592037133C00E71624 /* Maps 2.0 */;
			targetProxy = 96AAFA7D2037133C00E71624 /* PBXContainerItemProxy */;
		};
/* End PBXTargetDependency section */

/* Begin PBXVariantGroup section */
		96AAFA612037133C00E71624 /* Main.storyboard */ = {
			isa = PBXVariantGroup;
			children = (
				96AAFA622037133C00E71624 /* Base */,
			);
			name = Main.storyboard;
			sourceTree = "<group>";
		};
		96AAFA692037133C00E71624 /* LaunchScreen.storyboard */ = {
			isa = PBXVariantGroup;
			children = (
				96AAFA6A2037133C00E71624 /* Base */,
			);
			name = LaunchScreen.storyboard;
			sourceTree = "<group>";
		};
/* End PBXVariantGroup section */

/* Begin XCBuildConfiguration section */
		96AAFA832037133C00E71624 /* Debug */ = {
			isa = XCBuildConfiguration;
			buildSettings = {
				ALWAYS_SEARCH_USER_PATHS = NO;
				CLANG_ANALYZER_NONNULL = YES;
				CLANG_ANALYZER_NUMBER_OBJECT_CONVERSION = YES_AGGRESSIVE;
				CLANG_CXX_LANGUAGE_STANDARD = "gnu++14";
				CLANG_CXX_LIBRARY = "libc++";
				CLANG_ENABLE_MODULES = YES;
				CLANG_ENABLE_OBJC_ARC = YES;
				CLANG_WARN_BLOCK_CAPTURE_AUTORELEASING = YES;
				CLANG_WARN_BOOL_CONVERSION = YES;
				CLANG_WARN_COMMA = YES;
				CLANG_WARN_CONSTANT_CONVERSION = YES;
				CLANG_WARN_DIRECT_OBJC_ISA_USAGE = YES_ERROR;
				CLANG_WARN_DOCUMENTATION_COMMENTS = YES;
				CLANG_WARN_EMPTY_BODY = YES;
				CLANG_WARN_ENUM_CONVERSION = YES;
				CLANG_WARN_INFINITE_RECURSION = YES;
				CLANG_WARN_INT_CONVERSION = YES;
				CLANG_WARN_NON_LITERAL_NULL_CONVERSION = YES;
				CLANG_WARN_OBJC_LITERAL_CONVERSION = YES;
				CLANG_WARN_OBJC_ROOT_CLASS = YES_ERROR;
				CLANG_WARN_RANGE_LOOP_ANALYSIS = YES;
				CLANG_WARN_STRICT_PROTOTYPES = YES;
				CLANG_WARN_SUSPICIOUS_MOVE = YES;
				CLANG_WARN_UNGUARDED_AVAILABILITY = YES_AGGRESSIVE;
				CLANG_WARN_UNREACHABLE_CODE = YES;
				CLANG_WARN__DUPLICATE_METHOD_MATCH = YES;
				CODE_SIGN_IDENTITY = "iPhone Developer";
				COPY_PHASE_STRIP = NO;
				DEBUG_INFORMATION_FORMAT = dwarf;
				ENABLE_STRICT_OBJC_MSGSEND = YES;
				ENABLE_TESTABILITY = YES;
				GCC_C_LANGUAGE_STANDARD = gnu11;
				GCC_DYNAMIC_NO_PIC = NO;
				GCC_NO_COMMON_BLOCKS = YES;
				GCC_OPTIMIZATION_LEVEL = 0;
				GCC_PREPROCESSOR_DEFINITIONS = (
					"DEBUG=1",
					"$(inherited)",
				);
				GCC_WARN_64_TO_32_BIT_CONVERSION = YES;
				GCC_WARN_ABOUT_RETURN_TYPE = YES_ERROR;
				GCC_WARN_UNDECLARED_SELECTOR = YES;
				GCC_WARN_UNINITIALIZED_AUTOS = YES_AGGRESSIVE;
				GCC_WARN_UNUSED_FUNCTION = YES;
				GCC_WARN_UNUSED_VARIABLE = YES;
				IPHONEOS_DEPLOYMENT_TARGET = 11.2;
				MTL_ENABLE_DEBUG_INFO = YES;
				ONLY_ACTIVE_ARCH = YES;
				SDKROOT = iphoneos;
				SWIFT_ACTIVE_COMPILATION_CONDITIONS = DEBUG;
				SWIFT_OPTIMIZATION_LEVEL = "-Onone";
			};
			name = Debug;
		};
		96AAFA842037133C00E71624 /* Release */ = {
			isa = XCBuildConfiguration;
			buildSettings = {
				ALWAYS_SEARCH_USER_PATHS = NO;
				CLANG_ANALYZER_NONNULL = YES;
				CLANG_ANALYZER_NUMBER_OBJECT_CONVERSION = YES_AGGRESSIVE;
				CLANG_CXX_LANGUAGE_STANDARD = "gnu++14";
				CLANG_CXX_LIBRARY = "libc++";
				CLANG_ENABLE_MODULES = YES;
				CLANG_ENABLE_OBJC_ARC = YES;
				CLANG_WARN_BLOCK_CAPTURE_AUTORELEASING = YES;
				CLANG_WARN_BOOL_CONVERSION = YES;
				CLANG_WARN_COMMA = YES;
				CLANG_WARN_CONSTANT_CONVERSION = YES;
				CLANG_WARN_DIRECT_OBJC_ISA_USAGE = YES_ERROR;
				CLANG_WARN_DOCUMENTATION_COMMENTS = YES;
				CLANG_WARN_EMPTY_BODY = YES;
				CLANG_WARN_ENUM_CONVERSION = YES;
				CLANG_WARN_INFINITE_RECURSION = YES;
				CLANG_WARN_INT_CONVERSION = YES;
				CLANG_WARN_NON_LITERAL_NULL_CONVERSION = YES;
				CLANG_WARN_OBJC_LITERAL_CONVERSION = YES;
				CLANG_WARN_OBJC_ROOT_CLASS = YES_ERROR;
				CLANG_WARN_RANGE_LOOP_ANALYSIS = YES;
				CLANG_WARN_STRICT_PROTOTYPES = YES;
				CLANG_WARN_SUSPICIOUS_MOVE = YES;
				CLANG_WARN_UNGUARDED_AVAILABILITY = YES_AGGRESSIVE;
				CLANG_WARN_UNREACHABLE_CODE = YES;
				CLANG_WARN__DUPLICATE_METHOD_MATCH = YES;
				CODE_SIGN_IDENTITY = "iPhone Developer";
				COPY_PHASE_STRIP = NO;
				DEBUG_INFORMATION_FORMAT = "dwarf-with-dsym";
				ENABLE_NS_ASSERTIONS = NO;
				ENABLE_STRICT_OBJC_MSGSEND = YES;
				GCC_C_LANGUAGE_STANDARD = gnu11;
				GCC_NO_COMMON_BLOCKS = YES;
				GCC_WARN_64_TO_32_BIT_CONVERSION = YES;
				GCC_WARN_ABOUT_RETURN_TYPE = YES_ERROR;
				GCC_WARN_UNDECLARED_SELECTOR = YES;
				GCC_WARN_UNINITIALIZED_AUTOS = YES_AGGRESSIVE;
				GCC_WARN_UNUSED_FUNCTION = YES;
				GCC_WARN_UNUSED_VARIABLE = YES;
				IPHONEOS_DEPLOYMENT_TARGET = 11.2;
				MTL_ENABLE_DEBUG_INFO = NO;
				SDKROOT = iphoneos;
				SWIFT_OPTIMIZATION_LEVEL = "-Owholemodule";
				VALIDATE_PRODUCT = YES;
			};
			name = Release;
		};
		96AAFA862037133C00E71624 /* Debug */ = {
			isa = XCBuildConfiguration;
			buildSettings = {
				ASSETCATALOG_COMPILER_APPICON_NAME = AppIcon;
				CODE_SIGN_STYLE = Automatic;
				DEVELOPMENT_TEAM = CR6EBSG256;
				INFOPLIST_FILE = "Maps 2.0/Info.plist";
				LD_RUNPATH_SEARCH_PATHS = "$(inherited) @executable_path/Frameworks";
				PRODUCT_BUNDLE_IDENTIFIER = "CL.Maps-2-0";
				PRODUCT_NAME = "$(TARGET_NAME)";
				SWIFT_VERSION = 4.0;
				TARGETED_DEVICE_FAMILY = "1,2";
			};
			name = Debug;
		};
		96AAFA872037133C00E71624 /* Release */ = {
			isa = XCBuildConfiguration;
			buildSettings = {
				ASSETCATALOG_COMPILER_APPICON_NAME = AppIcon;
				CODE_SIGN_STYLE = Automatic;
				DEVELOPMENT_TEAM = CR6EBSG256;
				INFOPLIST_FILE = "Maps 2.0/Info.plist";
				LD_RUNPATH_SEARCH_PATHS = "$(inherited) @executable_path/Frameworks";
				PRODUCT_BUNDLE_IDENTIFIER = "CL.Maps-2-0";
				PRODUCT_NAME = "$(TARGET_NAME)";
				SWIFT_VERSION = 4.0;
				TARGETED_DEVICE_FAMILY = "1,2";
			};
			name = Release;
		};
		96AAFA892037133C00E71624 /* Debug */ = {
			isa = XCBuildConfiguration;
			buildSettings = {
				ALWAYS_EMBED_SWIFT_STANDARD_LIBRARIES = YES;
				BUNDLE_LOADER = "$(TEST_HOST)";
				CODE_SIGN_STYLE = Automatic;
				INFOPLIST_FILE = "Maps 2.0Tests/Info.plist";
				LD_RUNPATH_SEARCH_PATHS = "$(inherited) @executable_path/Frameworks @loader_path/Frameworks";
				PRODUCT_BUNDLE_IDENTIFIER = "CL.Maps-2-0Tests";
				PRODUCT_NAME = "$(TARGET_NAME)";
				SWIFT_VERSION = 4.0;
				TARGETED_DEVICE_FAMILY = "1,2";
				TEST_HOST = "$(BUILT_PRODUCTS_DIR)/Maps 2.0.app/Maps 2.0";
			};
			name = Debug;
		};
		96AAFA8A2037133C00E71624 /* Release */ = {
			isa = XCBuildConfiguration;
			buildSettings = {
				ALWAYS_EMBED_SWIFT_STANDARD_LIBRARIES = YES;
				BUNDLE_LOADER = "$(TEST_HOST)";
				CODE_SIGN_STYLE = Automatic;
				INFOPLIST_FILE = "Maps 2.0Tests/Info.plist";
				LD_RUNPATH_SEARCH_PATHS = "$(inherited) @executable_path/Frameworks @loader_path/Frameworks";
				PRODUCT_BUNDLE_IDENTIFIER = "CL.Maps-2-0Tests";
				PRODUCT_NAME = "$(TARGET_NAME)";
				SWIFT_VERSION = 4.0;
				TARGETED_DEVICE_FAMILY = "1,2";
				TEST_HOST = "$(BUILT_PRODUCTS_DIR)/Maps 2.0.app/Maps 2.0";
			};
			name = Release;
		};
		96AAFA8C2037133C00E71624 /* Debug */ = {
			isa = XCBuildConfiguration;
			buildSettings = {
				ALWAYS_EMBED_SWIFT_STANDARD_LIBRARIES = YES;
				CODE_SIGN_STYLE = Automatic;
				INFOPLIST_FILE = "Maps 2.0UITests/Info.plist";
				LD_RUNPATH_SEARCH_PATHS = "$(inherited) @executable_path/Frameworks @loader_path/Frameworks";
				PRODUCT_BUNDLE_IDENTIFIER = "CL.Maps-2-0UITests";
				PRODUCT_NAME = "$(TARGET_NAME)";
				SWIFT_VERSION = 4.0;
				TARGETED_DEVICE_FAMILY = "1,2";
				TEST_TARGET_NAME = "Maps 2.0";
			};
			name = Debug;
		};
		96AAFA8D2037133C00E71624 /* Release */ = {
			isa = XCBuildConfiguration;
			buildSettings = {
				ALWAYS_EMBED_SWIFT_STANDARD_LIBRARIES = YES;
				CODE_SIGN_STYLE = Automatic;
				INFOPLIST_FILE = "Maps 2.0UITests/Info.plist";
				LD_RUNPATH_SEARCH_PATHS = "$(inherited) @executable_path/Frameworks @loader_path/Frameworks";
				PRODUCT_BUNDLE_IDENTIFIER = "CL.Maps-2-0UITests";
				PRODUCT_NAME = "$(TARGET_NAME)";
				SWIFT_VERSION = 4.0;
				TARGETED_DEVICE_FAMILY = "1,2";
				TEST_TARGET_NAME = "Maps 2.0";
			};
			name = Release;
		};
/* End XCBuildConfiguration section */

/* Begin XCConfigurationList section */
		96AAFA552037133C00E71624 /* Build configuration list for PBXProject "Maps 2.0" */ = {
			isa = XCConfigurationList;
			buildConfigurations = (
				96AAFA832037133C00E71624 /* Debug */,
				96AAFA842037133C00E71624 /* Release */,
			);
			defaultConfigurationIsVisible = 0;
			defaultConfigurationName = Release;
		};
		96AAFA852037133C00E71624 /* Build configuration list for PBXNativeTarget "Maps 2.0" */ = {
			isa = XCConfigurationList;
			buildConfigurations = (
				96AAFA862037133C00E71624 /* Debug */,
				96AAFA872037133C00E71624 /* Release */,
			);
			defaultConfigurationIsVisible = 0;
			defaultConfigurationName = Release;
		};
		96AAFA882037133C00E71624 /* Build configuration list for PBXNativeTarget "Maps 2.0Tests" */ = {
			isa = XCConfigurationList;
			buildConfigurations = (
				96AAFA892037133C00E71624 /* Debug */,
				96AAFA8A2037133C00E71624 /* Release */,
			);
			defaultConfigurationIsVisible = 0;
			defaultConfigurationName = Release;
		};
		96AAFA8B2037133C00E71624 /* Build configuration list for PBXNativeTarget "Maps 2.0UITests" */ = {
			isa = XCConfigurationList;
			buildConfigurations = (
				96AAFA8C2037133C00E71624 /* Debug */,
				96AAFA8D2037133C00E71624 /* Release */,
			);
			defaultConfigurationIsVisible = 0;
			defaultConfigurationName = Release;
		};
/* End XCConfigurationList section */

/* Begin XCVersionGroup section */
		96AAFA642037133C00E71624 /* Maps_2_0.xcdatamodeld */ = {
			isa = XCVersionGroup;
			children = (
				96AAFA652037133C00E71624 /* Maps_2_0.xcdatamodel */,
			);
			currentVersion = 96AAFA652037133C00E71624 /* Maps_2_0.xcdatamodel */;
			path = Maps_2_0.xcdatamodeld;
			sourceTree = "<group>";
			versionGroupType = wrapper.xcdatamodel;
		};
/* End XCVersionGroup section */
	};
	rootObject = 96AAFA522037133C00E71624 /* Project object */;
}
